// !$*UTF8*$!
{
	archiveVersion = 1;
	classes = {
	};
	objectVersion = 50;
	objects = {

/* Begin PBXBuildFile section */
		AF99F06326E7227800CBB23F /* AppDelegate.swift in Sources */ = {isa = PBXBuildFile; fileRef = AF99F06226E7227800CBB23F /* AppDelegate.swift */; };
		AF99F06526E7227800CBB23F /* SceneDelegate.swift in Sources */ = {isa = PBXBuildFile; fileRef = AF99F06426E7227800CBB23F /* SceneDelegate.swift */; };
		AF99F06726E7227800CBB23F /* ViewController.swift in Sources */ = {isa = PBXBuildFile; fileRef = AF99F06626E7227800CBB23F /* ViewController.swift */; };
		AF99F06A26E7227800CBB23F /* Main.storyboard in Resources */ = {isa = PBXBuildFile; fileRef = AF99F06826E7227800CBB23F /* Main.storyboard */; };
		AF99F06C26E7227D00CBB23F /* Assets.xcassets in Resources */ = {isa = PBXBuildFile; fileRef = AF99F06B26E7227D00CBB23F /* Assets.xcassets */; };
		AF99F06F26E7227D00CBB23F /* LaunchScreen.storyboard in Resources */ = {isa = PBXBuildFile; fileRef = AF99F06D26E7227D00CBB23F /* LaunchScreen.storyboard */; };
		AF99F07726E73F7300CBB23F /* RoundButton.swift in Sources */ = {isa = PBXBuildFile; fileRef = AF99F07626E73F7300CBB23F /* RoundButton.swift */; };
/* End PBXBuildFile section */

/* Begin PBXFileReference section */
		AF99F05F26E7227800CBB23F /* IphoneCal.app */ = {isa = PBXFileReference; explicitFileType = wrapper.application; includeInIndex = 0; path = IphoneCal.app; sourceTree = BUILT_PRODUCTS_DIR; };
		AF99F06226E7227800CBB23F /* AppDelegate.swift */ = {isa = PBXFileReference; lastKnownFileType = sourcecode.swift; path = AppDelegate.swift; sourceTree = "<group>"; };
		AF99F06426E7227800CBB23F /* SceneDelegate.swift */ = {isa = PBXFileReference; lastKnownFileType = sourcecode.swift; path = SceneDelegate.swift; sourceTree = "<group>"; };
		AF99F06626E7227800CBB23F /* ViewController.swift */ = {isa = PBXFileReference; lastKnownFileType = sourcecode.swift; path = ViewController.swift; sourceTree = "<group>"; };
		AF99F06926E7227800CBB23F /* Base */ = {isa = PBXFileReference; lastKnownFileType = file.storyboard; name = Base; path = Base.lproj/Main.storyboard; sourceTree = "<group>"; };
		AF99F06B26E7227D00CBB23F /* Assets.xcassets */ = {isa = PBXFileReference; lastKnownFileType = folder.assetcatalog; path = Assets.xcassets; sourceTree = "<group>"; };
		AF99F06E26E7227D00CBB23F /* Base */ = {isa = PBXFileReference; lastKnownFileType = file.storyboard; name = Base; path = Base.lproj/LaunchScreen.storyboard; sourceTree = "<group>"; };
		AF99F07026E7227D00CBB23F /* Info.plist */ = {isa = PBXFileReference; lastKnownFileType = text.plist.xml; path = Info.plist; sourceTree = "<group>"; };
		AF99F07626E73F7300CBB23F /* RoundButton.swift */ = {isa = PBXFileReference; lastKnownFileType = sourcecode.swift; path = RoundButton.swift; sourceTree = "<group>"; };
/* End PBXFileReference section */

/* Begin PBXFrameworksBuildPhase section */
		AF99F05C26E7227800CBB23F /* Frameworks */ = {
			isa = PBXFrameworksBuildPhase;
			buildActionMask = 2147483647;
			files = (
			);
			runOnlyForDeploymentPostprocessing = 0;
		};
/* End PBXFrameworksBuildPhase section */

/* Begin PBXGroup section */
		AF99F05626E7227800CBB23F = {
			isa = PBXGroup;
			children = (
				AF99F06126E7227800CBB23F /* IphoneCal */,
				AF99F06026E7227800CBB23F /* Products */,
			);
			sourceTree = "<group>";
		};
		AF99F06026E7227800CBB23F /* Products */ = {
			isa = PBXGroup;
			children = (
				AF99F05F26E7227800CBB23F /* IphoneCal.app */,
			);
			name = Products;
			sourceTree = "<group>";
		};
		AF99F06126E7227800CBB23F /* IphoneCal */ = {
			isa = PBXGroup;
			children = (
				AF99F06226E7227800CBB23F /* AppDelegate.swift */,
				AF99F06426E7227800CBB23F /* SceneDelegate.swift */,
				AF99F06626E7227800CBB23F /* ViewController.swift */,
				AF99F06826E7227800CBB23F /* Main.storyboard */,
				AF99F06B26E7227D00CBB23F /* Assets.xcassets */,
				AF99F06D26E7227D00CBB23F /* LaunchScreen.storyboard */,
				AF99F07026E7227D00CBB23F /* Info.plist */,
				AF99F07626E73F7300CBB23F /* RoundButton.swift */,
			);
			path = IphoneCal;
			sourceTree = "<group>";
		};
/* End PBXGroup section */

/* Begin PBXNativeTarget section */
		AF99F05E26E7227800CBB23F /* IphoneCal */ = {
			isa = PBXNativeTarget;
			buildConfigurationList = AF99F07326E7227D00CBB23F /* Build configuration list for PBXNativeTarget "IphoneCal" */;
			buildPhases = (
				AF99F05B26E7227800CBB23F /* Sources */,
				AF99F05C26E7227800CBB23F /* Frameworks */,
				AF99F05D26E7227800CBB23F /* Resources */,
			);
			buildRules = (
			);
			dependencies = (
			);
			name = IphoneCal;
			productName = IphoneCal;
			productReference = AF99F05F26E7227800CBB23F /* IphoneCal.app */;
			productType = "com.apple.product-type.application";
		};
/* End PBXNativeTarget section */

/* Begin PBXProject section */
		AF99F05726E7227800CBB23F /* Project object */ = {
			isa = PBXProject;
			attributes = {
				LastSwiftUpdateCheck = 1250;
				LastUpgradeCheck = 1250;
				TargetAttributes = {
					AF99F05E26E7227800CBB23F = {
						CreatedOnToolsVersion = 12.5.1;
					};
				};
			};
			buildConfigurationList = AF99F05A26E7227800CBB23F /* Build configuration list for PBXProject "IphoneCal" */;
			compatibilityVersion = "Xcode 9.3";
			developmentRegion = en;
			hasScannedForEncodings = 0;
			knownRegions = (
				en,
				Base,
			);
			mainGroup = AF99F05626E7227800CBB23F;
			productRefGroup = AF99F06026E7227800CBB23F /* Products */;
			projectDirPath = "";
			projectRoot = "";
			targets = (
				AF99F05E26E7227800CBB23F /* IphoneCal */,
			);
		};
/* End PBXProject section */

/* Begin PBXResourcesBuildPhase section */
		AF99F05D26E7227800CBB23F /* Resources */ = {
			isa = PBXResourcesBuildPhase;
			buildActionMask = 2147483647;
			files = (
				AF99F06F26E7227D00CBB23F /* LaunchScreen.storyboard in Resources */,
				AF99F06C26E7227D00CBB23F /* Assets.xcassets in Resources */,
				AF99F06A26E7227800CBB23F /* Main.storyboard in Resources */,
			);
			runOnlyForDeploymentPostprocessing = 0;
		};
/* End PBXResourcesBuildPhase section */

/* Begin PBXSourcesBuildPhase section */
		AF99F05B26E7227800CBB23F /* Sources */ = {
			isa = PBXSourcesBuildPhase;
			buildActionMask = 2147483647;
			files = (
				AF99F07726E73F7300CBB23F /* RoundButton.swift in Sources */,
				AF99F06726E7227800CBB23F /* ViewController.swift in Sources */,
				AF99F06326E7227800CBB23F /* AppDelegate.swift in Sources */,
				AF99F06526E7227800CBB23F /* SceneDelegate.swift in Sources */,
			);
			runOnlyForDeploymentPostprocessing = 0;
		};
/* End PBXSourcesBuildPhase section */

/* Begin PBXVariantGroup section */
		AF99F06826E7227800CBB23F /* Main.storyboard */ = {
			isa = PBXVariantGroup;
			children = (
				AF99F06926E7227800CBB23F /* Base */,
			);
			name = Main.storyboard;
			sourceTree = "<group>";
		};
		AF99F06D26E7227D00CBB23F /* LaunchScreen.storyboard */ = {
			isa = PBXVariantGroup;
			children = (
				AF99F06E26E7227D00CBB23F /* Base */,
			);
			name = LaunchScreen.storyboard;
			sourceTree = "<group>";
		};
/* End PBXVariantGroup section */

/* Begin XCBuildConfiguration section */
		AF99F07126E7227D00CBB23F /* Debug */ = {
			isa = XCBuildConfiguration;
			buildSettings = {
				ALWAYS_SEARCH_USER_PATHS = NO;
				CLANG_ANALYZER_NONNULL = YES;
				CLANG_ANALYZER_NUMBER_OBJECT_CONVERSION = YES_AGGRESSIVE;
				CLANG_CXX_LANGUAGE_STANDARD = "gnu++14";
				CLANG_CXX_LIBRARY = "libc++";
				CLANG_ENABLE_MODULES = YES;
				CLANG_ENABLE_OBJC_ARC = YES;
				CLANG_ENABLE_OBJC_WEAK = YES;
				CLANG_WARN_BLOCK_CAPTURE_AUTORELEASING = YES;
				CLANG_WARN_BOOL_CONVERSION = YES;
				CLANG_WARN_COMMA = YES;
				CLANG_WARN_CONSTANT_CONVERSION = YES;
				CLANG_WARN_DEPRECATED_OBJC_IMPLEMENTATIONS = YES;
				CLANG_WARN_DIRECT_OBJC_ISA_USAGE = YES_ERROR;
				CLANG_WARN_DOCUMENTATION_COMMENTS = YES;
				CLANG_WARN_EMPTY_BODY = YES;
				CLANG_WARN_ENUM_CONVERSION = YES;
				CLANG_WARN_INFINITE_RECURSION = YES;
				CLANG_WARN_INT_CONVERSION = YES;
				CLANG_WARN_NON_LITERAL_NULL_CONVERSION = YES;
				CLANG_WARN_OBJC_IMPLICIT_RETAIN_SELF = YES;
				CLANG_WARN_OBJC_LITERAL_CONVERSION = YES;
				CLANG_WARN_OBJC_ROOT_CLASS = YES_ERROR;
				CLANG_WARN_QUOTED_INCLUDE_IN_FRAMEWORK_HEADER = YES;
				CLANG_WARN_RANGE_LOOP_ANALYSIS = YES;
				CLANG_WARN_STRICT_PROTOTYPES = YES;
				CLANG_WARN_SUSPICIOUS_MOVE = YES;
				CLANG_WARN_UNGUARDED_AVAILABILITY = YES_AGGRESSIVE;
				CLANG_WARN_UNREACHABLE_CODE = YES;
				CLANG_WARN__DUPLICATE_METHOD_MATCH = YES;
				COPY_PHASE_STRIP = NO;
				DEBUG_INFORMATION_FORMAT = dwarf;
				ENABLE_STRICT_OBJC_MSGSEND = YES;
				ENABLE_TESTABILITY = YES;
				GCC_C_LANGUAGE_STANDARD = gnu11;
				GCC_DYNAMIC_NO_PIC = NO;
				GCC_NO_COMMON_BLOCKS = YES;
				GCC_OPTIMIZATION_LEVEL = 0;
				GCC_PREPROCESSOR_DEFINITIONS = (
					"DEBUG=1",
					"$(inherited)",
				);
				GCC_WARN_64_TO_32_BIT_CONVERSION = YES;
				GCC_WARN_ABOUT_RETURN_TYPE = YES_ERROR;
				GCC_WARN_UNDECLARED_SELECTOR = YES;
				GCC_WARN_UNINITIALIZED_AUTOS = YES_AGGRESSIVE;
				GCC_WARN_UNUSED_FUNCTION = YES;
				GCC_WARN_UNUSED_VARIABLE = YES;
				IPHONEOS_DEPLOYMENT_TARGET = 14.5;
				MTL_ENABLE_DEBUG_INFO = INCLUDE_SOURCE;
				MTL_FAST_MATH = YES;
				ONLY_ACTIVE_ARCH = YES;
				SDKROOT = iphoneos;
				SWIFT_ACTIVE_COMPILATION_CONDITIONS = DEBUG;
				SWIFT_OPTIMIZATION_LEVEL = "-Onone";
			};
			name = Debug;
		};
		AF99F07226E7227D00CBB23F /* Release */ = {
			isa = XCBuildConfiguration;
			buildSettings = {
				ALWAYS_SEARCH_USER_PATHS = NO;
				CLANG_ANALYZER_NONNULL = YES;
				CLANG_ANALYZER_NUMBER_OBJECT_CONVERSION = YES_AGGRESSIVE;
				CLANG_CXX_LANGUAGE_STANDARD = "gnu++14";
				CLANG_CXX_LIBRARY = "libc++";
				CLANG_ENABLE_MODULES = YES;
				CLANG_ENABLE_OBJC_ARC = YES;
				CLANG_ENABLE_OBJC_WEAK = YES;
				CLANG_WARN_BLOCK_CAPTURE_AUTORELEASING = YES;
				CLANG_WARN_BOOL_CONVERSION = YES;
				CLANG_WARN_COMMA = YES;
				CLANG_WARN_CONSTANT_CONVERSION = YES;
				CLANG_WARN_DEPRECATED_OBJC_IMPLEMENTATIONS = YES;
				CLANG_WARN_DIRECT_OBJC_ISA_USAGE = YES_ERROR;
				CLANG_WARN_DOCUMENTATION_COMMENTS = YES;
				CLANG_WARN_EMPTY_BODY = YES;
				CLANG_WARN_ENUM_CONVERSION = YES;
				CLANG_WARN_INFINITE_RECURSION = YES;
				CLANG_WARN_INT_CONVERSION = YES;
				CLANG_WARN_NON_LITERAL_NULL_CONVERSION = YES;
				CLANG_WARN_OBJC_IMPLICIT_RETAIN_SELF = YES;
				CLANG_WARN_OBJC_LITERAL_CONVERSION = YES;
				CLANG_WARN_OBJC_ROOT_CLASS = YES_ERROR;
				CLANG_WARN_QUOTED_INCLUDE_IN_FRAMEWORK_HEADER = YES;
				CLANG_WARN_RANGE_LOOP_ANALYSIS = YES;
				CLANG_WARN_STRICT_PROTOTYPES = YES;
				CLANG_WARN_SUSPICIOUS_MOVE = YES;
				CLANG_WARN_UNGUARDED_AVAILABILITY = YES_AGGRESSIVE;
				CLANG_WARN_UNREACHABLE_CODE = YES;
				CLANG_WARN__DUPLICATE_METHOD_MATCH = YES;
				COPY_PHASE_STRIP = NO;
				DEBUG_INFORMATION_FORMAT = "dwarf-with-dsym";
				ENABLE_NS_ASSERTIONS = NO;
				ENABLE_STRICT_OBJC_MSGSEND = YES;
				GCC_C_LANGUAGE_STANDARD = gnu11;
				GCC_NO_COMMON_BLOCKS = YES;
				GCC_WARN_64_TO_32_BIT_CONVERSION = YES;
				GCC_WARN_ABOUT_RETURN_TYPE = YES_ERROR;
				GCC_WARN_UNDECLARED_SELECTOR = YES;
				GCC_WARN_UNINITIALIZED_AUTOS = YES_AGGRESSIVE;
				GCC_WARN_UNUSED_FUNCTION = YES;
				GCC_WARN_UNUSED_VARIABLE = YES;
				IPHONEOS_DEPLOYMENT_TARGET = 14.5;
				MTL_ENABLE_DEBUG_INFO = NO;
				MTL_FAST_MATH = YES;
				SDKROOT = iphoneos;
				SWIFT_COMPILATION_MODE = wholemodule;
				SWIFT_OPTIMIZATION_LEVEL = "-O";
				VALIDATE_PRODUCT = YES;
			};
			name = Release;
		};
		AF99F07426E7227D00CBB23F /* Debug */ = {
			isa = XCBuildConfiguration;
			buildSettings = {
				ASSETCATALOG_COMPILER_APPICON_NAME = AppIcon;
				ASSETCATALOG_COMPILER_GLOBAL_ACCENT_COLOR_NAME = AccentColor;
				CODE_SIGN_STYLE = Automatic;
				DEVELOPMENT_TEAM = P9NDMSW4DC;
				INFOPLIST_FILE = IphoneCal/Info.plist;
				LD_RUNPATH_SEARCH_PATHS = (
					"$(inherited)",
					"@executable_path/Frameworks",
				);
				PRODUCT_BUNDLE_IDENTIFIER = com.junseole.IphoneCal;
				PRODUCT_NAME = "$(TARGET_NAME)";
				SWIFT_VERSION = 5.0;
				TARGETED_DEVICE_FAMILY = "1,2";
			};
			name = Debug;
		};
		AF99F07526E7227D00CBB23F /* Release */ = {
			isa = XCBuildConfiguration;
			buildSettings = {
				ASSETCATALOG_COMPILER_APPICON_NAME = AppIcon;
				ASSETCATALOG_COMPILER_GLOBAL_ACCENT_COLOR_NAME = AccentColor;
				CODE_SIGN_STYLE = Automatic;
				DEVELOPMENT_TEAM = P9NDMSW4DC;
				INFOPLIST_FILE = IphoneCal/Info.plist;
				LD_RUNPATH_SEARCH_PATHS = (
					"$(inherited)",
					"@executable_path/Frameworks",
				);
				PRODUCT_BUNDLE_IDENTIFIER = com.junseole.IphoneCal;
				PRODUCT_NAME = "$(TARGET_NAME)";
				SWIFT_VERSION = 5.0;
				TARGETED_DEVICE_FAMILY = "1,2";
			};
			name = Release;
		};
/* End XCBuildConfiguration section */

/* Begin XCConfigurationList section */
		AF99F05A26E7227800CBB23F /* Build configuration list for PBXProject "IphoneCal" */ = {
			isa = XCConfigurationList;
			buildConfigurations = (
				AF99F07126E7227D00CBB23F /* Debug */,
				AF99F07226E7227D00CBB23F /* Release */,
			);
			defaultConfigurationIsVisible = 0;
			defaultConfigurationName = Release;
		};
		AF99F07326E7227D00CBB23F /* Build configuration list for PBXNativeTarget "IphoneCal" */ = {
			isa = XCConfigurationList;
			buildConfigurations = (
				AF99F07426E7227D00CBB23F /* Debug */,
				AF99F07526E7227D00CBB23F /* Release */,
			);
			defaultConfigurationIsVisible = 0;
			defaultConfigurationName = Release;
		};
/* End XCConfigurationList section */
	};
	rootObject = AF99F05726E7227800CBB23F /* Project object */;
}
